{
  "name": "@anontown/markdown",
  "version": "1.0.0",
  "lockfileVersion": 1,
  "requires": true,
  "dependencies": {
    "@types/parsimmon": {
      "version": "1.10.0",
      "resolved": "https://registry.npmjs.org/@types/parsimmon/-/parsimmon-1.10.0.tgz",
      "integrity": "sha512-bsTIJFVQv7jnvNiC42ld2pQW2KRI+pAG243L+iATvqzy3X6+NH1obz2itRKDZZ8VVhN3wjwYax/VBGCcXzgTqQ==",
      "dev": true
    },
    "fp-ts": {
      "version": "1.15.0",
      "resolved": "https://registry.npmjs.org/fp-ts/-/fp-ts-1.15.0.tgz",
      "integrity": "sha512-D0gnY9qnpifaqNABqSKjttOW4YVpAHK7I7hcstJllbyqS1GKzbQoAguZYr77DhXzIXnsJiqo65dCHJZq6ouxiQ=="
    },
    "parsimmon": {
      "version": "1.12.0",
      "resolved": "https://registry.npmjs.org/parsimmon/-/parsimmon-1.12.0.tgz",
      "integrity": "sha512-uC/BjuSfb4jfaWajKCp1mVncXXq+V1twbcYChbTxN3GM7fn+8XoHwUdvUz+PTaFtDSCRQxU8+Rnh+iMhAkVwdw==",
      "dev": true
    },
    "typescript": {
      "version": "3.3.3333",
      "resolved": "https://registry.npmjs.org/typescript/-/typescript-3.3.3333.tgz",
      "integrity": "sha512-JjSKsAfuHBE/fB2oZ8NxtRTk5iGcg6hkYXMnZ3Wc+b2RSqejEqTaem11mHASMnFilHrax3sLK0GDzcJrekZYLw==",
      "dev": true
    }
  }
}
