{
  "name": "@anontown/markdown",
  "version": "1.0.0",
  "lockfileVersion": 1,
  "requires": true,
  "dependencies": {
    "fp-ts": {
      "version": "1.15.0",
      "resolved": "https://registry.npmjs.org/fp-ts/-/fp-ts-1.15.0.tgz",
      "integrity": "sha512-D0gnY9qnpifaqNABqSKjttOW4YVpAHK7I7hcstJllbyqS1GKzbQoAguZYr77DhXzIXnsJiqo65dCHJZq6ouxiQ=="
    },
    "typescript": {
      "version": "3.3.3333",
      "resolved": "https://registry.npmjs.org/typescript/-/typescript-3.3.3333.tgz",
      "integrity": "sha512-JjSKsAfuHBE/fB2oZ8NxtRTk5iGcg6hkYXMnZ3Wc+b2RSqejEqTaem11mHASMnFilHrax3sLK0GDzcJrekZYLw==",
      "dev": true
    }
  }
}
